// !$*UTF8*$!
{
	archiveVersion = 1;
	classes = {
	};
	objectVersion = 46;
	objects = {

/* Begin PBXBuildFile section */
		FCC203781C743AAF00DEDF02 /* main.m in Sources */ = {isa = PBXBuildFile; fileRef = FCC203771C743AAF00DEDF02 /* main.m */; };
		FCC2037B1C743AAF00DEDF02 /* AppDelegate.m in Sources */ = {isa = PBXBuildFile; fileRef = FCC2037A1C743AAF00DEDF02 /* AppDelegate.m */; };
		FCC2037E1C743AAF00DEDF02 /* ViewController.m in Sources */ = {isa = PBXBuildFile; fileRef = FCC2037D1C743AAF00DEDF02 /* ViewController.m */; };
		FCC203811C743AAF00DEDF02 /* Main.storyboard in Resources */ = {isa = PBXBuildFile; fileRef = FCC2037F1C743AAF00DEDF02 /* Main.storyboard */; };
		FCC203831C743AAF00DEDF02 /* Assets.xcassets in Resources */ = {isa = PBXBuildFile; fileRef = FCC203821C743AAF00DEDF02 /* Assets.xcassets */; };
		FCC203861C743AAF00DEDF02 /* LaunchScreen.storyboard in Resources */ = {isa = PBXBuildFile; fileRef = FCC203841C743AAF00DEDF02 /* LaunchScreen.storyboard */; };
		FCC203911C743AAF00DEDF02 /* UHttpCachTests.m in Sources */ = {isa = PBXBuildFile; fileRef = FCC203901C743AAF00DEDF02 /* UHttpCachTests.m */; };
		FCC2039C1C743AAF00DEDF02 /* UHttpCachUITests.m in Sources */ = {isa = PBXBuildFile; fileRef = FCC2039B1C743AAF00DEDF02 /* UHttpCachUITests.m */; };
		FCC203AE1C743AEC00DEDF02 /* UCach.m in Sources */ = {isa = PBXBuildFile; fileRef = FCC203AA1C743AEC00DEDF02 /* UCach.m */; };
		FCC203AF1C743AEC00DEDF02 /* UHttper.m in Sources */ = {isa = PBXBuildFile; fileRef = FCC203AD1C743AEC00DEDF02 /* UHttper.m */; };
		FCC203D31C743B1200DEDF02 /* MKAnnotationView+WebCache.m in Sources */ = {isa = PBXBuildFile; fileRef = FCC203B31C743B1200DEDF02 /* MKAnnotationView+WebCache.m */; };
		FCC203D41C743B1200DEDF02 /* NSData+ImageContentType.m in Sources */ = {isa = PBXBuildFile; fileRef = FCC203B51C743B1200DEDF02 /* NSData+ImageContentType.m */; };
		FCC203D51C743B1200DEDF02 /* SDImageCache.m in Sources */ = {isa = PBXBuildFile; fileRef = FCC203B71C743B1200DEDF02 /* SDImageCache.m */; };
		FCC203D61C743B1200DEDF02 /* SDWebImageCompat.m in Sources */ = {isa = PBXBuildFile; fileRef = FCC203B91C743B1200DEDF02 /* SDWebImageCompat.m */; };
		FCC203D71C743B1200DEDF02 /* SDWebImageDecoder.m in Sources */ = {isa = PBXBuildFile; fileRef = FCC203BB1C743B1200DEDF02 /* SDWebImageDecoder.m */; };
		FCC203D81C743B1200DEDF02 /* SDWebImageDownloader.m in Sources */ = {isa = PBXBuildFile; fileRef = FCC203BD1C743B1200DEDF02 /* SDWebImageDownloader.m */; };
		FCC203D91C743B1200DEDF02 /* SDWebImageDownloaderOperation.m in Sources */ = {isa = PBXBuildFile; fileRef = FCC203BF1C743B1200DEDF02 /* SDWebImageDownloaderOperation.m */; };
		FCC203DA1C743B1200DEDF02 /* SDWebImageManager.m in Sources */ = {isa = PBXBuildFile; fileRef = FCC203C11C743B1200DEDF02 /* SDWebImageManager.m */; };
		FCC203DB1C743B1200DEDF02 /* SDWebImagePrefetcher.m in Sources */ = {isa = PBXBuildFile; fileRef = FCC203C41C743B1200DEDF02 /* SDWebImagePrefetcher.m */; };
		FCC203DC1C743B1200DEDF02 /* UIButton+WebCache.m in Sources */ = {isa = PBXBuildFile; fileRef = FCC203C61C743B1200DEDF02 /* UIButton+WebCache.m */; };
		FCC203DD1C743B1200DEDF02 /* UIImage+GIF.m in Sources */ = {isa = PBXBuildFile; fileRef = FCC203C81C743B1200DEDF02 /* UIImage+GIF.m */; };
		FCC203DE1C743B1200DEDF02 /* UIImage+MultiFormat.m in Sources */ = {isa = PBXBuildFile; fileRef = FCC203CA1C743B1200DEDF02 /* UIImage+MultiFormat.m */; };
		FCC203DF1C743B1200DEDF02 /* UIImage+WebP.m in Sources */ = {isa = PBXBuildFile; fileRef = FCC203CC1C743B1200DEDF02 /* UIImage+WebP.m */; };
		FCC203E01C743B1200DEDF02 /* UIImageView+HighlightedWebCache.m in Sources */ = {isa = PBXBuildFile; fileRef = FCC203CE1C743B1200DEDF02 /* UIImageView+HighlightedWebCache.m */; };
		FCC203E11C743B1200DEDF02 /* UIImageView+WebCache.m in Sources */ = {isa = PBXBuildFile; fileRef = FCC203D01C743B1200DEDF02 /* UIImageView+WebCache.m */; };
		FCC203E21C743B1200DEDF02 /* UIView+WebCacheOperation.m in Sources */ = {isa = PBXBuildFile; fileRef = FCC203D21C743B1200DEDF02 /* UIView+WebCacheOperation.m */; };
		FCC203F71C743B2400DEDF02 /* AFHTTPRequestOperation.m in Sources */ = {isa = PBXBuildFile; fileRef = FCC203E51C743B2400DEDF02 /* AFHTTPRequestOperation.m */; };
		FCC203F81C743B2400DEDF02 /* AFHTTPRequestOperationManager.m in Sources */ = {isa = PBXBuildFile; fileRef = FCC203E71C743B2400DEDF02 /* AFHTTPRequestOperationManager.m */; };
		FCC203F91C743B2400DEDF02 /* AFHTTPSessionManager.m in Sources */ = {isa = PBXBuildFile; fileRef = FCC203E91C743B2400DEDF02 /* AFHTTPSessionManager.m */; };
		FCC203FA1C743B2400DEDF02 /* AFNetworkReachabilityManager.m in Sources */ = {isa = PBXBuildFile; fileRef = FCC203EC1C743B2400DEDF02 /* AFNetworkReachabilityManager.m */; };
		FCC203FB1C743B2400DEDF02 /* AFSecurityPolicy.m in Sources */ = {isa = PBXBuildFile; fileRef = FCC203EE1C743B2400DEDF02 /* AFSecurityPolicy.m */; };
		FCC203FC1C743B2400DEDF02 /* AFURLConnectionOperation.m in Sources */ = {isa = PBXBuildFile; fileRef = FCC203F01C743B2400DEDF02 /* AFURLConnectionOperation.m */; };
		FCC203FD1C743B2400DEDF02 /* AFURLRequestSerialization.m in Sources */ = {isa = PBXBuildFile; fileRef = FCC203F21C743B2400DEDF02 /* AFURLRequestSerialization.m */; };
		FCC203FE1C743B2400DEDF02 /* AFURLResponseSerialization.m in Sources */ = {isa = PBXBuildFile; fileRef = FCC203F41C743B2400DEDF02 /* AFURLResponseSerialization.m */; };
		FCC203FF1C743B2400DEDF02 /* AFURLSessionManager.m in Sources */ = {isa = PBXBuildFile; fileRef = FCC203F61C743B2400DEDF02 /* AFURLSessionManager.m */; };
		FCC2040C1C743DA500DEDF02 /* LYEaseDownloader.m in Sources */ = {isa = PBXBuildFile; fileRef = FCC2040B1C743DA500DEDF02 /* LYEaseDownloader.m */; };
		FCC2040F1C746CC100DEDF02 /* LYEaseDownloadManager.m in Sources */ = {isa = PBXBuildFile; fileRef = FCC2040E1C746CC100DEDF02 /* LYEaseDownloadManager.m */; };
/* End PBXBuildFile section */

/* Begin PBXContainerItemProxy section */
		FCC2038D1C743AAF00DEDF02 /* PBXContainerItemProxy */ = {
			isa = PBXContainerItemProxy;
			containerPortal = FCC2036B1C743AAF00DEDF02 /* Project object */;
			proxyType = 1;
			remoteGlobalIDString = FCC203721C743AAF00DEDF02;
			remoteInfo = UHttpCach;
		};
		FCC203981C743AAF00DEDF02 /* PBXContainerItemProxy */ = {
			isa = PBXContainerItemProxy;
			containerPortal = FCC2036B1C743AAF00DEDF02 /* Project object */;
			proxyType = 1;
			remoteGlobalIDString = FCC203721C743AAF00DEDF02;
			remoteInfo = UHttpCach;
		};
/* End PBXContainerItemProxy section */

/* Begin PBXFileReference section */
		FCC203731C743AAF00DEDF02 /* UHttpCach.app */ = {isa = PBXFileReference; explicitFileType = wrapper.application; includeInIndex = 0; path = UHttpCach.app; sourceTree = BUILT_PRODUCTS_DIR; };
		FCC203771C743AAF00DEDF02 /* main.m */ = {isa = PBXFileReference; lastKnownFileType = sourcecode.c.objc; path = main.m; sourceTree = "<group>"; };
		FCC203791C743AAF00DEDF02 /* AppDelegate.h */ = {isa = PBXFileReference; lastKnownFileType = sourcecode.c.h; path = AppDelegate.h; sourceTree = "<group>"; };
		FCC2037A1C743AAF00DEDF02 /* AppDelegate.m */ = {isa = PBXFileReference; lastKnownFileType = sourcecode.c.objc; path = AppDelegate.m; sourceTree = "<group>"; };
		FCC2037C1C743AAF00DEDF02 /* ViewController.h */ = {isa = PBXFileReference; lastKnownFileType = sourcecode.c.h; path = ViewController.h; sourceTree = "<group>"; };
		FCC2037D1C743AAF00DEDF02 /* ViewController.m */ = {isa = PBXFileReference; lastKnownFileType = sourcecode.c.objc; path = ViewController.m; sourceTree = "<group>"; };
		FCC203801C743AAF00DEDF02 /* Base */ = {isa = PBXFileReference; lastKnownFileType = file.storyboard; name = Base; path = Base.lproj/Main.storyboard; sourceTree = "<group>"; };
		FCC203821C743AAF00DEDF02 /* Assets.xcassets */ = {isa = PBXFileReference; lastKnownFileType = folder.assetcatalog; path = Assets.xcassets; sourceTree = "<group>"; };
		FCC203851C743AAF00DEDF02 /* Base */ = {isa = PBXFileReference; lastKnownFileType = file.storyboard; name = Base; path = Base.lproj/LaunchScreen.storyboard; sourceTree = "<group>"; };
		FCC203871C743AAF00DEDF02 /* Info.plist */ = {isa = PBXFileReference; lastKnownFileType = text.plist.xml; path = Info.plist; sourceTree = "<group>"; };
		FCC2038C1C743AAF00DEDF02 /* UHttpCachTests.xctest */ = {isa = PBXFileReference; explicitFileType = wrapper.cfbundle; includeInIndex = 0; path = UHttpCachTests.xctest; sourceTree = BUILT_PRODUCTS_DIR; };
		FCC203901C743AAF00DEDF02 /* UHttpCachTests.m */ = {isa = PBXFileReference; lastKnownFileType = sourcecode.c.objc; path = UHttpCachTests.m; sourceTree = "<group>"; };
		FCC203921C743AAF00DEDF02 /* Info.plist */ = {isa = PBXFileReference; lastKnownFileType = text.plist.xml; path = Info.plist; sourceTree = "<group>"; };
		FCC203971C743AAF00DEDF02 /* UHttpCachUITests.xctest */ = {isa = PBXFileReference; explicitFileType = wrapper.cfbundle; includeInIndex = 0; path = UHttpCachUITests.xctest; sourceTree = BUILT_PRODUCTS_DIR; };
		FCC2039B1C743AAF00DEDF02 /* UHttpCachUITests.m */ = {isa = PBXFileReference; lastKnownFileType = sourcecode.c.objc; path = UHttpCachUITests.m; sourceTree = "<group>"; };
		FCC2039D1C743AAF00DEDF02 /* Info.plist */ = {isa = PBXFileReference; lastKnownFileType = text.plist.xml; path = Info.plist; sourceTree = "<group>"; };
		FCC203AA1C743AEC00DEDF02 /* UCach.m */ = {isa = PBXFileReference; fileEncoding = 4; lastKnownFileType = sourcecode.c.objc; path = UCach.m; sourceTree = "<group>"; };
		FCC203AB1C743AEC00DEDF02 /* UCach.h */ = {isa = PBXFileReference; fileEncoding = 4; lastKnownFileType = sourcecode.c.h; path = UCach.h; sourceTree = "<group>"; };
		FCC203AC1C743AEC00DEDF02 /* UHttper.h */ = {isa = PBXFileReference; fileEncoding = 4; lastKnownFileType = sourcecode.c.h; path = UHttper.h; sourceTree = "<group>"; };
		FCC203AD1C743AEC00DEDF02 /* UHttper.m */ = {isa = PBXFileReference; fileEncoding = 4; lastKnownFileType = sourcecode.c.objc; path = UHttper.m; sourceTree = "<group>"; };
		FCC203B21C743B1200DEDF02 /* MKAnnotationView+WebCache.h */ = {isa = PBXFileReference; fileEncoding = 4; lastKnownFileType = sourcecode.c.h; path = "MKAnnotationView+WebCache.h"; sourceTree = "<group>"; };
		FCC203B31C743B1200DEDF02 /* MKAnnotationView+WebCache.m */ = {isa = PBXFileReference; fileEncoding = 4; lastKnownFileType = sourcecode.c.objc; path = "MKAnnotationView+WebCache.m"; sourceTree = "<group>"; };
		FCC203B41C743B1200DEDF02 /* NSData+ImageContentType.h */ = {isa = PBXFileReference; fileEncoding = 4; lastKnownFileType = sourcecode.c.h; path = "NSData+ImageContentType.h"; sourceTree = "<group>"; };
		FCC203B51C743B1200DEDF02 /* NSData+ImageContentType.m */ = {isa = PBXFileReference; fileEncoding = 4; lastKnownFileType = sourcecode.c.objc; path = "NSData+ImageContentType.m"; sourceTree = "<group>"; };
		FCC203B61C743B1200DEDF02 /* SDImageCache.h */ = {isa = PBXFileReference; fileEncoding = 4; lastKnownFileType = sourcecode.c.h; path = SDImageCache.h; sourceTree = "<group>"; };
		FCC203B71C743B1200DEDF02 /* SDImageCache.m */ = {isa = PBXFileReference; fileEncoding = 4; lastKnownFileType = sourcecode.c.objc; path = SDImageCache.m; sourceTree = "<group>"; };
		FCC203B81C743B1200DEDF02 /* SDWebImageCompat.h */ = {isa = PBXFileReference; fileEncoding = 4; lastKnownFileType = sourcecode.c.h; path = SDWebImageCompat.h; sourceTree = "<group>"; };
		FCC203B91C743B1200DEDF02 /* SDWebImageCompat.m */ = {isa = PBXFileReference; fileEncoding = 4; lastKnownFileType = sourcecode.c.objc; path = SDWebImageCompat.m; sourceTree = "<group>"; };
		FCC203BA1C743B1200DEDF02 /* SDWebImageDecoder.h */ = {isa = PBXFileReference; fileEncoding = 4; lastKnownFileType = sourcecode.c.h; path = SDWebImageDecoder.h; sourceTree = "<group>"; };
		FCC203BB1C743B1200DEDF02 /* SDWebImageDecoder.m */ = {isa = PBXFileReference; fileEncoding = 4; lastKnownFileType = sourcecode.c.objc; path = SDWebImageDecoder.m; sourceTree = "<group>"; };
		FCC203BC1C743B1200DEDF02 /* SDWebImageDownloader.h */ = {isa = PBXFileReference; fileEncoding = 4; lastKnownFileType = sourcecode.c.h; path = SDWebImageDownloader.h; sourceTree = "<group>"; };
		FCC203BD1C743B1200DEDF02 /* SDWebImageDownloader.m */ = {isa = PBXFileReference; fileEncoding = 4; lastKnownFileType = sourcecode.c.objc; path = SDWebImageDownloader.m; sourceTree = "<group>"; };
		FCC203BE1C743B1200DEDF02 /* SDWebImageDownloaderOperation.h */ = {isa = PBXFileReference; fileEncoding = 4; lastKnownFileType = sourcecode.c.h; path = SDWebImageDownloaderOperation.h; sourceTree = "<group>"; };
		FCC203BF1C743B1200DEDF02 /* SDWebImageDownloaderOperation.m */ = {isa = PBXFileReference; fileEncoding = 4; lastKnownFileType = sourcecode.c.objc; path = SDWebImageDownloaderOperation.m; sourceTree = "<group>"; };
		FCC203C01C743B1200DEDF02 /* SDWebImageManager.h */ = {isa = PBXFileReference; fileEncoding = 4; lastKnownFileType = sourcecode.c.h; path = SDWebImageManager.h; sourceTree = "<group>"; };
		FCC203C11C743B1200DEDF02 /* SDWebImageManager.m */ = {isa = PBXFileReference; fileEncoding = 4; lastKnownFileType = sourcecode.c.objc; path = SDWebImageManager.m; sourceTree = "<group>"; };
		FCC203C21C743B1200DEDF02 /* SDWebImageOperation.h */ = {isa = PBXFileReference; fileEncoding = 4; lastKnownFileType = sourcecode.c.h; path = SDWebImageOperation.h; sourceTree = "<group>"; };
		FCC203C31C743B1200DEDF02 /* SDWebImagePrefetcher.h */ = {isa = PBXFileReference; fileEncoding = 4; lastKnownFileType = sourcecode.c.h; path = SDWebImagePrefetcher.h; sourceTree = "<group>"; };
		FCC203C41C743B1200DEDF02 /* SDWebImagePrefetcher.m */ = {isa = PBXFileReference; fileEncoding = 4; lastKnownFileType = sourcecode.c.objc; path = SDWebImagePrefetcher.m; sourceTree = "<group>"; };
		FCC203C51C743B1200DEDF02 /* UIButton+WebCache.h */ = {isa = PBXFileReference; fileEncoding = 4; lastKnownFileType = sourcecode.c.h; path = "UIButton+WebCache.h"; sourceTree = "<group>"; };
		FCC203C61C743B1200DEDF02 /* UIButton+WebCache.m */ = {isa = PBXFileReference; fileEncoding = 4; lastKnownFileType = sourcecode.c.objc; path = "UIButton+WebCache.m"; sourceTree = "<group>"; };
		FCC203C71C743B1200DEDF02 /* UIImage+GIF.h */ = {isa = PBXFileReference; fileEncoding = 4; lastKnownFileType = sourcecode.c.h; path = "UIImage+GIF.h"; sourceTree = "<group>"; };
		FCC203C81C743B1200DEDF02 /* UIImage+GIF.m */ = {isa = PBXFileReference; fileEncoding = 4; lastKnownFileType = sourcecode.c.objc; path = "UIImage+GIF.m"; sourceTree = "<group>"; };
		FCC203C91C743B1200DEDF02 /* UIImage+MultiFormat.h */ = {isa = PBXFileReference; fileEncoding = 4; lastKnownFileType = sourcecode.c.h; path = "UIImage+MultiFormat.h"; sourceTree = "<group>"; };
		FCC203CA1C743B1200DEDF02 /* UIImage+MultiFormat.m */ = {isa = PBXFileReference; fileEncoding = 4; lastKnownFileType = sourcecode.c.objc; path = "UIImage+MultiFormat.m"; sourceTree = "<group>"; };
		FCC203CB1C743B1200DEDF02 /* UIImage+WebP.h */ = {isa = PBXFileReference; fileEncoding = 4; lastKnownFileType = sourcecode.c.h; path = "UIImage+WebP.h"; sourceTree = "<group>"; };
		FCC203CC1C743B1200DEDF02 /* UIImage+WebP.m */ = {isa = PBXFileReference; fileEncoding = 4; lastKnownFileType = sourcecode.c.objc; path = "UIImage+WebP.m"; sourceTree = "<group>"; };
		FCC203CD1C743B1200DEDF02 /* UIImageView+HighlightedWebCache.h */ = {isa = PBXFileReference; fileEncoding = 4; lastKnownFileType = sourcecode.c.h; path = "UIImageView+HighlightedWebCache.h"; sourceTree = "<group>"; };
		FCC203CE1C743B1200DEDF02 /* UIImageView+HighlightedWebCache.m */ = {isa = PBXFileReference; fileEncoding = 4; lastKnownFileType = sourcecode.c.objc; path = "UIImageView+HighlightedWebCache.m"; sourceTree = "<group>"; };
		FCC203CF1C743B1200DEDF02 /* UIImageView+WebCache.h */ = {isa = PBXFileReference; fileEncoding = 4; lastKnownFileType = sourcecode.c.h; path = "UIImageView+WebCache.h"; sourceTree = "<group>"; };
		FCC203D01C743B1200DEDF02 /* UIImageView+WebCache.m */ = {isa = PBXFileReference; fileEncoding = 4; lastKnownFileType = sourcecode.c.objc; path = "UIImageView+WebCache.m"; sourceTree = "<group>"; };
		FCC203D11C743B1200DEDF02 /* UIView+WebCacheOperation.h */ = {isa = PBXFileReference; fileEncoding = 4; lastKnownFileType = sourcecode.c.h; path = "UIView+WebCacheOperation.h"; sourceTree = "<group>"; };
		FCC203D21C743B1200DEDF02 /* UIView+WebCacheOperation.m */ = {isa = PBXFileReference; fileEncoding = 4; lastKnownFileType = sourcecode.c.objc; path = "UIView+WebCacheOperation.m"; sourceTree = "<group>"; };
		FCC203E41C743B2400DEDF02 /* AFHTTPRequestOperation.h */ = {isa = PBXFileReference; fileEncoding = 4; lastKnownFileType = sourcecode.c.h; path = AFHTTPRequestOperation.h; sourceTree = "<group>"; };
		FCC203E51C743B2400DEDF02 /* AFHTTPRequestOperation.m */ = {isa = PBXFileReference; fileEncoding = 4; lastKnownFileType = sourcecode.c.objc; path = AFHTTPRequestOperation.m; sourceTree = "<group>"; };
		FCC203E61C743B2400DEDF02 /* AFHTTPRequestOperationManager.h */ = {isa = PBXFileReference; fileEncoding = 4; lastKnownFileType = sourcecode.c.h; path = AFHTTPRequestOperationManager.h; sourceTree = "<group>"; };
		FCC203E71C743B2400DEDF02 /* AFHTTPRequestOperationManager.m */ = {isa = PBXFileReference; fileEncoding = 4; lastKnownFileType = sourcecode.c.objc; path = AFHTTPRequestOperationManager.m; sourceTree = "<group>"; };
		FCC203E81C743B2400DEDF02 /* AFHTTPSessionManager.h */ = {isa = PBXFileReference; fileEncoding = 4; lastKnownFileType = sourcecode.c.h; path = AFHTTPSessionManager.h; sourceTree = "<group>"; };
		FCC203E91C743B2400DEDF02 /* AFHTTPSessionManager.m */ = {isa = PBXFileReference; fileEncoding = 4; lastKnownFileType = sourcecode.c.objc; path = AFHTTPSessionManager.m; sourceTree = "<group>"; };
		FCC203EA1C743B2400DEDF02 /* AFNetworking.h */ = {isa = PBXFileReference; fileEncoding = 4; lastKnownFileType = sourcecode.c.h; path = AFNetworking.h; sourceTree = "<group>"; };
		FCC203EB1C743B2400DEDF02 /* AFNetworkReachabilityManager.h */ = {isa = PBXFileReference; fileEncoding = 4; lastKnownFileType = sourcecode.c.h; path = AFNetworkReachabilityManager.h; sourceTree = "<group>"; };
		FCC203EC1C743B2400DEDF02 /* AFNetworkReachabilityManager.m */ = {isa = PBXFileReference; fileEncoding = 4; lastKnownFileType = sourcecode.c.objc; path = AFNetworkReachabilityManager.m; sourceTree = "<group>"; };
		FCC203ED1C743B2400DEDF02 /* AFSecurityPolicy.h */ = {isa = PBXFileReference; fileEncoding = 4; lastKnownFileType = sourcecode.c.h; path = AFSecurityPolicy.h; sourceTree = "<group>"; };
		FCC203EE1C743B2400DEDF02 /* AFSecurityPolicy.m */ = {isa = PBXFileReference; fileEncoding = 4; lastKnownFileType = sourcecode.c.objc; path = AFSecurityPolicy.m; sourceTree = "<group>"; };
		FCC203EF1C743B2400DEDF02 /* AFURLConnectionOperation.h */ = {isa = PBXFileReference; fileEncoding = 4; lastKnownFileType = sourcecode.c.h; path = AFURLConnectionOperation.h; sourceTree = "<group>"; };
		FCC203F01C743B2400DEDF02 /* AFURLConnectionOperation.m */ = {isa = PBXFileReference; fileEncoding = 4; lastKnownFileType = sourcecode.c.objc; path = AFURLConnectionOperation.m; sourceTree = "<group>"; };
		FCC203F11C743B2400DEDF02 /* AFURLRequestSerialization.h */ = {isa = PBXFileReference; fileEncoding = 4; lastKnownFileType = sourcecode.c.h; path = AFURLRequestSerialization.h; sourceTree = "<group>"; };
		FCC203F21C743B2400DEDF02 /* AFURLRequestSerialization.m */ = {isa = PBXFileReference; fileEncoding = 4; lastKnownFileType = sourcecode.c.objc; path = AFURLRequestSerialization.m; sourceTree = "<group>"; };
		FCC203F31C743B2400DEDF02 /* AFURLResponseSerialization.h */ = {isa = PBXFileReference; fileEncoding = 4; lastKnownFileType = sourcecode.c.h; path = AFURLResponseSerialization.h; sourceTree = "<group>"; };
		FCC203F41C743B2400DEDF02 /* AFURLResponseSerialization.m */ = {isa = PBXFileReference; fileEncoding = 4; lastKnownFileType = sourcecode.c.objc; path = AFURLResponseSerialization.m; sourceTree = "<group>"; };
		FCC203F51C743B2400DEDF02 /* AFURLSessionManager.h */ = {isa = PBXFileReference; fileEncoding = 4; lastKnownFileType = sourcecode.c.h; path = AFURLSessionManager.h; sourceTree = "<group>"; };
		FCC203F61C743B2400DEDF02 /* AFURLSessionManager.m */ = {isa = PBXFileReference; fileEncoding = 4; lastKnownFileType = sourcecode.c.objc; path = AFURLSessionManager.m; sourceTree = "<group>"; };
		FCC204001C743B3E00DEDF02 /* PrefixHeader.pch */ = {isa = PBXFileReference; fileEncoding = 4; lastKnownFileType = sourcecode.c.h; path = PrefixHeader.pch; sourceTree = "<group>"; };
		FCC2040A1C743DA500DEDF02 /* LYEaseDownloader.h */ = {isa = PBXFileReference; fileEncoding = 4; lastKnownFileType = sourcecode.c.h; path = LYEaseDownloader.h; sourceTree = "<group>"; };
		FCC2040B1C743DA500DEDF02 /* LYEaseDownloader.m */ = {isa = PBXFileReference; fileEncoding = 4; lastKnownFileType = sourcecode.c.objc; path = LYEaseDownloader.m; sourceTree = "<group>"; };
		FCC2040D1C746CC100DEDF02 /* LYEaseDownloadManager.h */ = {isa = PBXFileReference; fileEncoding = 4; lastKnownFileType = sourcecode.c.h; path = LYEaseDownloadManager.h; sourceTree = "<group>"; };
		FCC2040E1C746CC100DEDF02 /* LYEaseDownloadManager.m */ = {isa = PBXFileReference; fileEncoding = 4; lastKnownFileType = sourcecode.c.objc; path = LYEaseDownloadManager.m; sourceTree = "<group>"; };
/* End PBXFileReference section */

/* Begin PBXFrameworksBuildPhase section */
		FCC203701C743AAF00DEDF02 /* Frameworks */ = {
			isa = PBXFrameworksBuildPhase;
			buildActionMask = 2147483647;
			files = (
			);
			runOnlyForDeploymentPostprocessing = 0;
		};
		FCC203891C743AAF00DEDF02 /* Frameworks */ = {
			isa = PBXFrameworksBuildPhase;
			buildActionMask = 2147483647;
			files = (
			);
			runOnlyForDeploymentPostprocessing = 0;
		};
		FCC203941C743AAF00DEDF02 /* Frameworks */ = {
			isa = PBXFrameworksBuildPhase;
			buildActionMask = 2147483647;
			files = (
			);
			runOnlyForDeploymentPostprocessing = 0;
		};
/* End PBXFrameworksBuildPhase section */

/* Begin PBXGroup section */
		FCC2036A1C743AAF00DEDF02 = {
			isa = PBXGroup;
			children = (
				FCC204001C743B3E00DEDF02 /* PrefixHeader.pch */,
				FCC203B01C743AF300DEDF02 /* Third */,
				FCC203A91C743AD100DEDF02 /* UHTTPCach */,
				FCC203751C743AAF00DEDF02 /* UHttpCach */,
				FCC2038F1C743AAF00DEDF02 /* UHttpCachTests */,
				FCC2039A1C743AAF00DEDF02 /* UHttpCachUITests */,
				FCC203741C743AAF00DEDF02 /* Products */,
			);
			sourceTree = "<group>";
		};
		FCC203741C743AAF00DEDF02 /* Products */ = {
			isa = PBXGroup;
			children = (
				FCC203731C743AAF00DEDF02 /* UHttpCach.app */,
				FCC2038C1C743AAF00DEDF02 /* UHttpCachTests.xctest */,
				FCC203971C743AAF00DEDF02 /* UHttpCachUITests.xctest */,
			);
			name = Products;
			sourceTree = "<group>";
		};
		FCC203751C743AAF00DEDF02 /* UHttpCach */ = {
			isa = PBXGroup;
			children = (
				FCC203791C743AAF00DEDF02 /* AppDelegate.h */,
				FCC2037A1C743AAF00DEDF02 /* AppDelegate.m */,
				FCC2037C1C743AAF00DEDF02 /* ViewController.h */,
				FCC2037D1C743AAF00DEDF02 /* ViewController.m */,
				FCC2037F1C743AAF00DEDF02 /* Main.storyboard */,
				FCC203821C743AAF00DEDF02 /* Assets.xcassets */,
				FCC203841C743AAF00DEDF02 /* LaunchScreen.storyboard */,
				FCC203871C743AAF00DEDF02 /* Info.plist */,
				FCC203761C743AAF00DEDF02 /* Supporting Files */,
			);
			path = UHttpCach;
			sourceTree = "<group>";
		};
		FCC203761C743AAF00DEDF02 /* Supporting Files */ = {
			isa = PBXGroup;
			children = (
				FCC203771C743AAF00DEDF02 /* main.m */,
			);
			name = "Supporting Files";
			sourceTree = "<group>";
		};
		FCC2038F1C743AAF00DEDF02 /* UHttpCachTests */ = {
			isa = PBXGroup;
			children = (
				FCC203901C743AAF00DEDF02 /* UHttpCachTests.m */,
				FCC203921C743AAF00DEDF02 /* Info.plist */,
			);
			path = UHttpCachTests;
			sourceTree = "<group>";
		};
		FCC2039A1C743AAF00DEDF02 /* UHttpCachUITests */ = {
			isa = PBXGroup;
			children = (
				FCC2039B1C743AAF00DEDF02 /* UHttpCachUITests.m */,
				FCC2039D1C743AAF00DEDF02 /* Info.plist */,
			);
			path = UHttpCachUITests;
			sourceTree = "<group>";
		};
		FCC203A91C743AD100DEDF02 /* UHTTPCach */ = {
			isa = PBXGroup;
			children = (
				FCC203AA1C743AEC00DEDF02 /* UCach.m */,
				FCC203AB1C743AEC00DEDF02 /* UCach.h */,
				FCC203AC1C743AEC00DEDF02 /* UHttper.h */,
				FCC203AD1C743AEC00DEDF02 /* UHttper.m */,
				FCC2040A1C743DA500DEDF02 /* LYEaseDownloader.h */,
				FCC2040B1C743DA500DEDF02 /* LYEaseDownloader.m */,
				FCC2040D1C746CC100DEDF02 /* LYEaseDownloadManager.h */,
				FCC2040E1C746CC100DEDF02 /* LYEaseDownloadManager.m */,
			);
			name = UHTTPCach;
			sourceTree = "<group>";
		};
		FCC203B01C743AF300DEDF02 /* Third */ = {
			isa = PBXGroup;
			children = (
				FCC203E31C743B2400DEDF02 /* AFNetworking */,
				FCC203B11C743B1200DEDF02 /* SDWebImage */,
			);
			name = Third;
			sourceTree = "<group>";
		};
		FCC203B11C743B1200DEDF02 /* SDWebImage */ = {
			isa = PBXGroup;
			children = (
				FCC203B21C743B1200DEDF02 /* MKAnnotationView+WebCache.h */,
				FCC203B31C743B1200DEDF02 /* MKAnnotationView+WebCache.m */,
				FCC203B41C743B1200DEDF02 /* NSData+ImageContentType.h */,
				FCC203B51C743B1200DEDF02 /* NSData+ImageContentType.m */,
				FCC203B61C743B1200DEDF02 /* SDImageCache.h */,
				FCC203B71C743B1200DEDF02 /* SDImageCache.m */,
				FCC203B81C743B1200DEDF02 /* SDWebImageCompat.h */,
				FCC203B91C743B1200DEDF02 /* SDWebImageCompat.m */,
				FCC203BA1C743B1200DEDF02 /* SDWebImageDecoder.h */,
				FCC203BB1C743B1200DEDF02 /* SDWebImageDecoder.m */,
				FCC203BC1C743B1200DEDF02 /* SDWebImageDownloader.h */,
				FCC203BD1C743B1200DEDF02 /* SDWebImageDownloader.m */,
				FCC203BE1C743B1200DEDF02 /* SDWebImageDownloaderOperation.h */,
				FCC203BF1C743B1200DEDF02 /* SDWebImageDownloaderOperation.m */,
				FCC203C01C743B1200DEDF02 /* SDWebImageManager.h */,
				FCC203C11C743B1200DEDF02 /* SDWebImageManager.m */,
				FCC203C21C743B1200DEDF02 /* SDWebImageOperation.h */,
				FCC203C31C743B1200DEDF02 /* SDWebImagePrefetcher.h */,
				FCC203C41C743B1200DEDF02 /* SDWebImagePrefetcher.m */,
				FCC203C51C743B1200DEDF02 /* UIButton+WebCache.h */,
				FCC203C61C743B1200DEDF02 /* UIButton+WebCache.m */,
				FCC203C71C743B1200DEDF02 /* UIImage+GIF.h */,
				FCC203C81C743B1200DEDF02 /* UIImage+GIF.m */,
				FCC203C91C743B1200DEDF02 /* UIImage+MultiFormat.h */,
				FCC203CA1C743B1200DEDF02 /* UIImage+MultiFormat.m */,
				FCC203CB1C743B1200DEDF02 /* UIImage+WebP.h */,
				FCC203CC1C743B1200DEDF02 /* UIImage+WebP.m */,
				FCC203CD1C743B1200DEDF02 /* UIImageView+HighlightedWebCache.h */,
				FCC203CE1C743B1200DEDF02 /* UIImageView+HighlightedWebCache.m */,
				FCC203CF1C743B1200DEDF02 /* UIImageView+WebCache.h */,
				FCC203D01C743B1200DEDF02 /* UIImageView+WebCache.m */,
				FCC203D11C743B1200DEDF02 /* UIView+WebCacheOperation.h */,
				FCC203D21C743B1200DEDF02 /* UIView+WebCacheOperation.m */,
			);
			path = SDWebImage;
			sourceTree = "<group>";
		};
		FCC203E31C743B2400DEDF02 /* AFNetworking */ = {
			isa = PBXGroup;
			children = (
				FCC203E41C743B2400DEDF02 /* AFHTTPRequestOperation.h */,
				FCC203E51C743B2400DEDF02 /* AFHTTPRequestOperation.m */,
				FCC203E61C743B2400DEDF02 /* AFHTTPRequestOperationManager.h */,
				FCC203E71C743B2400DEDF02 /* AFHTTPRequestOperationManager.m */,
				FCC203E81C743B2400DEDF02 /* AFHTTPSessionManager.h */,
				FCC203E91C743B2400DEDF02 /* AFHTTPSessionManager.m */,
				FCC203EA1C743B2400DEDF02 /* AFNetworking.h */,
				FCC203EB1C743B2400DEDF02 /* AFNetworkReachabilityManager.h */,
				FCC203EC1C743B2400DEDF02 /* AFNetworkReachabilityManager.m */,
				FCC203ED1C743B2400DEDF02 /* AFSecurityPolicy.h */,
				FCC203EE1C743B2400DEDF02 /* AFSecurityPolicy.m */,
				FCC203EF1C743B2400DEDF02 /* AFURLConnectionOperation.h */,
				FCC203F01C743B2400DEDF02 /* AFURLConnectionOperation.m */,
				FCC203F11C743B2400DEDF02 /* AFURLRequestSerialization.h */,
				FCC203F21C743B2400DEDF02 /* AFURLRequestSerialization.m */,
				FCC203F31C743B2400DEDF02 /* AFURLResponseSerialization.h */,
				FCC203F41C743B2400DEDF02 /* AFURLResponseSerialization.m */,
				FCC203F51C743B2400DEDF02 /* AFURLSessionManager.h */,
				FCC203F61C743B2400DEDF02 /* AFURLSessionManager.m */,
			);
			path = AFNetworking;
			sourceTree = "<group>";
		};
/* End PBXGroup section */

/* Begin PBXNativeTarget section */
		FCC203721C743AAF00DEDF02 /* UHttpCach */ = {
			isa = PBXNativeTarget;
			buildConfigurationList = FCC203A01C743AAF00DEDF02 /* Build configuration list for PBXNativeTarget "UHttpCach" */;
			buildPhases = (
				FCC2036F1C743AAF00DEDF02 /* Sources */,
				FCC203701C743AAF00DEDF02 /* Frameworks */,
				FCC203711C743AAF00DEDF02 /* Resources */,
			);
			buildRules = (
			);
			dependencies = (
			);
			name = UHttpCach;
			productName = UHttpCach;
			productReference = FCC203731C743AAF00DEDF02 /* UHttpCach.app */;
			productType = "com.apple.product-type.application";
		};
		FCC2038B1C743AAF00DEDF02 /* UHttpCachTests */ = {
			isa = PBXNativeTarget;
			buildConfigurationList = FCC203A31C743AAF00DEDF02 /* Build configuration list for PBXNativeTarget "UHttpCachTests" */;
			buildPhases = (
				FCC203881C743AAF00DEDF02 /* Sources */,
				FCC203891C743AAF00DEDF02 /* Frameworks */,
				FCC2038A1C743AAF00DEDF02 /* Resources */,
			);
			buildRules = (
			);
			dependencies = (
				FCC2038E1C743AAF00DEDF02 /* PBXTargetDependency */,
			);
			name = UHttpCachTests;
			productName = UHttpCachTests;
			productReference = FCC2038C1C743AAF00DEDF02 /* UHttpCachTests.xctest */;
			productType = "com.apple.product-type.bundle.unit-test";
		};
		FCC203961C743AAF00DEDF02 /* UHttpCachUITests */ = {
			isa = PBXNativeTarget;
			buildConfigurationList = FCC203A61C743AAF00DEDF02 /* Build configuration list for PBXNativeTarget "UHttpCachUITests" */;
			buildPhases = (
				FCC203931C743AAF00DEDF02 /* Sources */,
				FCC203941C743AAF00DEDF02 /* Frameworks */,
				FCC203951C743AAF00DEDF02 /* Resources */,
			);
			buildRules = (
			);
			dependencies = (
				FCC203991C743AAF00DEDF02 /* PBXTargetDependency */,
			);
			name = UHttpCachUITests;
			productName = UHttpCachUITests;
			productReference = FCC203971C743AAF00DEDF02 /* UHttpCachUITests.xctest */;
			productType = "com.apple.product-type.bundle.ui-testing";
		};
/* End PBXNativeTarget section */

/* Begin PBXProject section */
		FCC2036B1C743AAF00DEDF02 /* Project object */ = {
			isa = PBXProject;
			attributes = {
				LastUpgradeCheck = 0710;
				ORGANIZATIONNAME = "刘仰清";
				TargetAttributes = {
					FCC203721C743AAF00DEDF02 = {
						CreatedOnToolsVersion = 7.1;
					};
					FCC2038B1C743AAF00DEDF02 = {
						CreatedOnToolsVersion = 7.1;
						TestTargetID = FCC203721C743AAF00DEDF02;
					};
					FCC203961C743AAF00DEDF02 = {
						CreatedOnToolsVersion = 7.1;
						TestTargetID = FCC203721C743AAF00DEDF02;
					};
				};
			};
			buildConfigurationList = FCC2036E1C743AAF00DEDF02 /* Build configuration list for PBXProject "UHttpCach" */;
			compatibilityVersion = "Xcode 3.2";
			developmentRegion = English;
			hasScannedForEncodings = 0;
			knownRegions = (
				en,
				Base,
			);
			mainGroup = FCC2036A1C743AAF00DEDF02;
			productRefGroup = FCC203741C743AAF00DEDF02 /* Products */;
			projectDirPath = "";
			projectRoot = "";
			targets = (
				FCC203721C743AAF00DEDF02 /* UHttpCach */,
				FCC2038B1C743AAF00DEDF02 /* UHttpCachTests */,
				FCC203961C743AAF00DEDF02 /* UHttpCachUITests */,
			);
		};
/* End PBXProject section */

/* Begin PBXResourcesBuildPhase section */
		FCC203711C743AAF00DEDF02 /* Resources */ = {
			isa = PBXResourcesBuildPhase;
			buildActionMask = 2147483647;
			files = (
				FCC203861C743AAF00DEDF02 /* LaunchScreen.storyboard in Resources */,
				FCC203831C743AAF00DEDF02 /* Assets.xcassets in Resources */,
				FCC203811C743AAF00DEDF02 /* Main.storyboard in Resources */,
			);
			runOnlyForDeploymentPostprocessing = 0;
		};
		FCC2038A1C743AAF00DEDF02 /* Resources */ = {
			isa = PBXResourcesBuildPhase;
			buildActionMask = 2147483647;
			files = (
			);
			runOnlyForDeploymentPostprocessing = 0;
		};
		FCC203951C743AAF00DEDF02 /* Resources */ = {
			isa = PBXResourcesBuildPhase;
			buildActionMask = 2147483647;
			files = (
			);
			runOnlyForDeploymentPostprocessing = 0;
		};
/* End PBXResourcesBuildPhase section */

/* Begin PBXSourcesBuildPhase section */
		FCC2036F1C743AAF00DEDF02 /* Sources */ = {
			isa = PBXSourcesBuildPhase;
			buildActionMask = 2147483647;
			files = (
				FCC203AF1C743AEC00DEDF02 /* UHttper.m in Sources */,
				FCC203E01C743B1200DEDF02 /* UIImageView+HighlightedWebCache.m in Sources */,
				FCC203E11C743B1200DEDF02 /* UIImageView+WebCache.m in Sources */,
				FCC203DF1C743B1200DEDF02 /* UIImage+WebP.m in Sources */,
				FCC203FC1C743B2400DEDF02 /* AFURLConnectionOperation.m in Sources */,
				FCC2040C1C743DA500DEDF02 /* LYEaseDownloader.m in Sources */,
				FCC203DB1C743B1200DEDF02 /* SDWebImagePrefetcher.m in Sources */,
				FCC2037E1C743AAF00DEDF02 /* ViewController.m in Sources */,
				FCC203D71C743B1200DEDF02 /* SDWebImageDecoder.m in Sources */,
				FCC203D81C743B1200DEDF02 /* SDWebImageDownloader.m in Sources */,
				FCC2037B1C743AAF00DEDF02 /* AppDelegate.m in Sources */,
				FCC203DA1C743B1200DEDF02 /* SDWebImageManager.m in Sources */,
				FCC203F71C743B2400DEDF02 /* AFHTTPRequestOperation.m in Sources */,
				FCC203E21C743B1200DEDF02 /* UIView+WebCacheOperation.m in Sources */,
				FCC203FA1C743B2400DEDF02 /* AFNetworkReachabilityManager.m in Sources */,
				FCC203DC1C743B1200DEDF02 /* UIButton+WebCache.m in Sources */,
				FCC203FF1C743B2400DEDF02 /* AFURLSessionManager.m in Sources */,
				FCC203DE1C743B1200DEDF02 /* UIImage+MultiFormat.m in Sources */,
				FCC2040F1C746CC100DEDF02 /* LYEaseDownloadManager.m in Sources */,
				FCC203F81C743B2400DEDF02 /* AFHTTPRequestOperationManager.m in Sources */,
				FCC203F91C743B2400DEDF02 /* AFHTTPSessionManager.m in Sources */,
				FCC203AE1C743AEC00DEDF02 /* UCach.m in Sources */,
				FCC203FE1C743B2400DEDF02 /* AFURLResponseSerialization.m in Sources */,
				FCC203FD1C743B2400DEDF02 /* AFURLRequestSerialization.m in Sources */,
				FCC203D91C743B1200DEDF02 /* SDWebImageDownloaderOperation.m in Sources */,
				FCC203DD1C743B1200DEDF02 /* UIImage+GIF.m in Sources */,
				FCC203D61C743B1200DEDF02 /* SDWebImageCompat.m in Sources */,
				FCC203D41C743B1200DEDF02 /* NSData+ImageContentType.m in Sources */,
				FCC203FB1C743B2400DEDF02 /* AFSecurityPolicy.m in Sources */,
				FCC203781C743AAF00DEDF02 /* main.m in Sources */,
				FCC203D31C743B1200DEDF02 /* MKAnnotationView+WebCache.m in Sources */,
				FCC203D51C743B1200DEDF02 /* SDImageCache.m in Sources */,
			);
			runOnlyForDeploymentPostprocessing = 0;
		};
		FCC203881C743AAF00DEDF02 /* Sources */ = {
			isa = PBXSourcesBuildPhase;
			buildActionMask = 2147483647;
			files = (
				FCC203911C743AAF00DEDF02 /* UHttpCachTests.m in Sources */,
			);
			runOnlyForDeploymentPostprocessing = 0;
		};
		FCC203931C743AAF00DEDF02 /* Sources */ = {
			isa = PBXSourcesBuildPhase;
			buildActionMask = 2147483647;
			files = (
				FCC2039C1C743AAF00DEDF02 /* UHttpCachUITests.m in Sources */,
			);
			runOnlyForDeploymentPostprocessing = 0;
		};
/* End PBXSourcesBuildPhase section */

/* Begin PBXTargetDependency section */
		FCC2038E1C743AAF00DEDF02 /* PBXTargetDependency */ = {
			isa = PBXTargetDependency;
			target = FCC203721C743AAF00DEDF02 /* UHttpCach */;
			targetProxy = FCC2038D1C743AAF00DEDF02 /* PBXContainerItemProxy */;
		};
		FCC203991C743AAF00DEDF02 /* PBXTargetDependency */ = {
			isa = PBXTargetDependency;
			target = FCC203721C743AAF00DEDF02 /* UHttpCach */;
			targetProxy = FCC203981C743AAF00DEDF02 /* PBXContainerItemProxy */;
		};
/* End PBXTargetDependency section */

/* Begin PBXVariantGroup section */
		FCC2037F1C743AAF00DEDF02 /* Main.storyboard */ = {
			isa = PBXVariantGroup;
			children = (
				FCC203801C743AAF00DEDF02 /* Base */,
			);
			name = Main.storyboard;
			sourceTree = "<group>";
		};
		FCC203841C743AAF00DEDF02 /* LaunchScreen.storyboard */ = {
			isa = PBXVariantGroup;
			children = (
				FCC203851C743AAF00DEDF02 /* Base */,
			);
			name = LaunchScreen.storyboard;
			sourceTree = "<group>";
		};
/* End PBXVariantGroup section */

/* Begin XCBuildConfiguration section */
		FCC2039E1C743AAF00DEDF02 /* Debug */ = {
			isa = XCBuildConfiguration;
			buildSettings = {
				ALWAYS_SEARCH_USER_PATHS = NO;
				CLANG_CXX_LANGUAGE_STANDARD = "gnu++0x";
				CLANG_CXX_LIBRARY = "libc++";
				CLANG_ENABLE_MODULES = YES;
				CLANG_ENABLE_OBJC_ARC = YES;
				CLANG_WARN_BOOL_CONVERSION = YES;
				CLANG_WARN_CONSTANT_CONVERSION = YES;
				CLANG_WARN_DIRECT_OBJC_ISA_USAGE = YES_ERROR;
				CLANG_WARN_EMPTY_BODY = YES;
				CLANG_WARN_ENUM_CONVERSION = YES;
				CLANG_WARN_INT_CONVERSION = YES;
				CLANG_WARN_OBJC_ROOT_CLASS = YES_ERROR;
				CLANG_WARN_UNREACHABLE_CODE = YES;
				CLANG_WARN__DUPLICATE_METHOD_MATCH = YES;
				"CODE_SIGN_IDENTITY[sdk=iphoneos*]" = "iPhone Developer";
				COPY_PHASE_STRIP = NO;
				DEBUG_INFORMATION_FORMAT = dwarf;
				ENABLE_STRICT_OBJC_MSGSEND = YES;
				ENABLE_TESTABILITY = YES;
				GCC_C_LANGUAGE_STANDARD = gnu99;
				GCC_DYNAMIC_NO_PIC = NO;
				GCC_NO_COMMON_BLOCKS = YES;
				GCC_OPTIMIZATION_LEVEL = 0;
				GCC_PREPROCESSOR_DEFINITIONS = (
					"DEBUG=1",
					"$(inherited)",
				);
				GCC_WARN_64_TO_32_BIT_CONVERSION = YES;
				GCC_WARN_ABOUT_RETURN_TYPE = YES_ERROR;
				GCC_WARN_UNDECLARED_SELECTOR = YES;
				GCC_WARN_UNINITIALIZED_AUTOS = YES_AGGRESSIVE;
				GCC_WARN_UNUSED_FUNCTION = YES;
				GCC_WARN_UNUSED_VARIABLE = YES;
				IPHONEOS_DEPLOYMENT_TARGET = 9.1;
				MTL_ENABLE_DEBUG_INFO = YES;
				ONLY_ACTIVE_ARCH = YES;
				SDKROOT = iphoneos;
			};
			name = Debug;
		};
		FCC2039F1C743AAF00DEDF02 /* Release */ = {
			isa = XCBuildConfiguration;
			buildSettings = {
				ALWAYS_SEARCH_USER_PATHS = NO;
				CLANG_CXX_LANGUAGE_STANDARD = "gnu++0x";
				CLANG_CXX_LIBRARY = "libc++";
				CLANG_ENABLE_MODULES = YES;
				CLANG_ENABLE_OBJC_ARC = YES;
				CLANG_WARN_BOOL_CONVERSION = YES;
				CLANG_WARN_CONSTANT_CONVERSION = YES;
				CLANG_WARN_DIRECT_OBJC_ISA_USAGE = YES_ERROR;
				CLANG_WARN_EMPTY_BODY = YES;
				CLANG_WARN_ENUM_CONVERSION = YES;
				CLANG_WARN_INT_CONVERSION = YES;
				CLANG_WARN_OBJC_ROOT_CLASS = YES_ERROR;
				CLANG_WARN_UNREACHABLE_CODE = YES;
				CLANG_WARN__DUPLICATE_METHOD_MATCH = YES;
				"CODE_SIGN_IDENTITY[sdk=iphoneos*]" = "iPhone Developer";
				COPY_PHASE_STRIP = NO;
				DEBUG_INFORMATION_FORMAT = "dwarf-with-dsym";
				ENABLE_NS_ASSERTIONS = NO;
				ENABLE_STRICT_OBJC_MSGSEND = YES;
				GCC_C_LANGUAGE_STANDARD = gnu99;
				GCC_NO_COMMON_BLOCKS = YES;
				GCC_WARN_64_TO_32_BIT_CONVERSION = YES;
				GCC_WARN_ABOUT_RETURN_TYPE = YES_ERROR;
				GCC_WARN_UNDECLARED_SELECTOR = YES;
				GCC_WARN_UNINITIALIZED_AUTOS = YES_AGGRESSIVE;
				GCC_WARN_UNUSED_FUNCTION = YES;
				GCC_WARN_UNUSED_VARIABLE = YES;
				IPHONEOS_DEPLOYMENT_TARGET = 9.1;
				MTL_ENABLE_DEBUG_INFO = NO;
				SDKROOT = iphoneos;
				VALIDATE_PRODUCT = YES;
			};
			name = Release;
		};
		FCC203A11C743AAF00DEDF02 /* Debug */ = {
			isa = XCBuildConfiguration;
			buildSettings = {
				ASSETCATALOG_COMPILER_APPICON_NAME = AppIcon;
				GCC_PREFIX_HEADER = $SRCROOT/PrefixHeader.pch;
				INFOPLIST_FILE = UHttpCach/Info.plist;
				LD_RUNPATH_SEARCH_PATHS = "$(inherited) @executable_path/Frameworks";
				PRODUCT_BUNDLE_IDENTIFIER = alipay.com.UHttpCach;
				PRODUCT_NAME = "$(TARGET_NAME)";
			};
			name = Debug;
		};
		FCC203A21C743AAF00DEDF02 /* Release */ = {
			isa = XCBuildConfiguration;
			buildSettings = {
				ASSETCATALOG_COMPILER_APPICON_NAME = AppIcon;
				GCC_PREFIX_HEADER = $SRCROOT/PrefixHeader.pch;
				INFOPLIST_FILE = UHttpCach/Info.plist;
				LD_RUNPATH_SEARCH_PATHS = "$(inherited) @executable_path/Frameworks";
				PRODUCT_BUNDLE_IDENTIFIER = alipay.com.UHttpCach;
				PRODUCT_NAME = "$(TARGET_NAME)";
			};
			name = Release;
		};
		FCC203A41C743AAF00DEDF02 /* Debug */ = {
			isa = XCBuildConfiguration;
			buildSettings = {
				BUNDLE_LOADER = "$(TEST_HOST)";
				INFOPLIST_FILE = UHttpCachTests/Info.plist;
				LD_RUNPATH_SEARCH_PATHS = "$(inherited) @executable_path/Frameworks @loader_path/Frameworks";
				PRODUCT_BUNDLE_IDENTIFIER = alipay.com.UHttpCachTests;
				PRODUCT_NAME = "$(TARGET_NAME)";
				TEST_HOST = "$(BUILT_PRODUCTS_DIR)/UHttpCach.app/UHttpCach";
			};
			name = Debug;
		};
		FCC203A51C743AAF00DEDF02 /* Release */ = {
			isa = XCBuildConfiguration;
			buildSettings = {
				BUNDLE_LOADER = "$(TEST_HOST)";
				INFOPLIST_FILE = UHttpCachTests/Info.plist;
				LD_RUNPATH_SEARCH_PATHS = "$(inherited) @executable_path/Frameworks @loader_path/Frameworks";
				PRODUCT_BUNDLE_IDENTIFIER = alipay.com.UHttpCachTests;
				PRODUCT_NAME = "$(TARGET_NAME)";
				TEST_HOST = "$(BUILT_PRODUCTS_DIR)/UHttpCach.app/UHttpCach";
			};
			name = Release;
		};
		FCC203A71C743AAF00DEDF02 /* Debug */ = {
			isa = XCBuildConfiguration;
			buildSettings = {
				INFOPLIST_FILE = UHttpCachUITests/Info.plist;
				LD_RUNPATH_SEARCH_PATHS = "$(inherited) @executable_path/Frameworks @loader_path/Frameworks";
				PRODUCT_BUNDLE_IDENTIFIER = alipay.com.UHttpCachUITests;
				PRODUCT_NAME = "$(TARGET_NAME)";
				TEST_TARGET_NAME = UHttpCach;
				USES_XCTRUNNER = YES;
			};
			name = Debug;
		};
		FCC203A81C743AAF00DEDF02 /* Release */ = {
			isa = XCBuildConfiguration;
			buildSettings = {
				INFOPLIST_FILE = UHttpCachUITests/Info.plist;
				LD_RUNPATH_SEARCH_PATHS = "$(inherited) @executable_path/Frameworks @loader_path/Frameworks";
				PRODUCT_BUNDLE_IDENTIFIER = alipay.com.UHttpCachUITests;
				PRODUCT_NAME = "$(TARGET_NAME)";
				TEST_TARGET_NAME = UHttpCach;
				USES_XCTRUNNER = YES;
			};
			name = Release;
		};
/* End XCBuildConfiguration section */

/* Begin XCConfigurationList section */
		FCC2036E1C743AAF00DEDF02 /* Build configuration list for PBXProject "UHttpCach" */ = {
			isa = XCConfigurationList;
			buildConfigurations = (
				FCC2039E1C743AAF00DEDF02 /* Debug */,
				FCC2039F1C743AAF00DEDF02 /* Release */,
			);
			defaultConfigurationIsVisible = 0;
			defaultConfigurationName = Release;
		};
		FCC203A01C743AAF00DEDF02 /* Build configuration list for PBXNativeTarget "UHttpCach" */ = {
			isa = XCConfigurationList;
			buildConfigurations = (
				FCC203A11C743AAF00DEDF02 /* Debug */,
				FCC203A21C743AAF00DEDF02 /* Release */,
			);
			defaultConfigurationIsVisible = 0;
		};
		FCC203A31C743AAF00DEDF02 /* Build configuration list for PBXNativeTarget "UHttpCachTests" */ = {
			isa = XCConfigurationList;
			buildConfigurations = (
				FCC203A41C743AAF00DEDF02 /* Debug */,
				FCC203A51C743AAF00DEDF02 /* Release */,
			);
			defaultConfigurationIsVisible = 0;
		};
		FCC203A61C743AAF00DEDF02 /* Build configuration list for PBXNativeTarget "UHttpCachUITests" */ = {
			isa = XCConfigurationList;
			buildConfigurations = (
				FCC203A71C743AAF00DEDF02 /* Debug */,
				FCC203A81C743AAF00DEDF02 /* Release */,
			);
			defaultConfigurationIsVisible = 0;
		};
/* End XCConfigurationList section */
	};
	rootObject = FCC2036B1C743AAF00DEDF02 /* Project object */;
}
